{
  "version": 4,
  "terraform_version": "0.12.24",
  "serial": 10,
  "lineage": "d34e6032-84c5-0111-354a-5febb11a8a94",
  "outputs": {},
  "resources": [
    {
      "mode": "managed",
      "type": "azurerm_network_interface",
      "name": "nic",
      "each": "list",
      "provider": "provider.azurerm",
      "instances": [
        {
          "index_key": 0,
          "schema_version": 0,
          "attributes": {
            "applied_dns_servers": [],
            "dns_servers": [],
            "enable_accelerated_networking": false,
            "enable_ip_forwarding": false,
            "id": "/subscriptions/67581ecc-3805-4798-b0b6-66dbdd1ac4ce/resourceGroups/terraforminfra/providers/Microsoft.Network/networkInterfaces/terraforminfra0",
            "internal_dns_name_label": "",
            "ip_configuration": [
              {
                "name": "ipaddress0",
                "primary": true,
                "private_ip_address": "192.168.1.4",
                "private_ip_address_allocation": "Dynamic",
                "private_ip_address_version": "IPv4",
                "public_ip_address_id": "/subscriptions/67581ecc-3805-4798-b0b6-66dbdd1ac4ce/resourceGroups/terraforminfra/providers/Microsoft.Network/publicIPAddresses/terraforminfra0",
                "subnet_id": "/subscriptions/67581ecc-3805-4798-b0b6-66dbdd1ac4ce/resourceGroups/terraforminfra/providers/Microsoft.Network/virtualNetworks/terraforminfra/subnets/terraforminfra"
              }
            ],
            "location": "northeurope",
            "mac_address": "",
            "name": "terraforminfra0",
            "private_ip_address": "192.168.1.4",
            "private_ip_addresses": [
              "192.168.1.4"
            ],
            "resource_group_name": "terraforminfra",
            "tags": {
              "enviroment": "demo"
            },
            "timeouts": null,
            "virtual_machine_id": ""
          },
          "private": "eyJlMmJmYjczMC1lY2FhLTExZTYtOGY4OC0zNDM2M2JjN2M0YzAiOnsiY3JlYXRlIjoxODAwMDAwMDAwMDAwLCJkZWxldGUiOjE4MDAwMDAwMDAwMDAsInJlYWQiOjMwMDAwMDAwMDAwMCwidXBkYXRlIjoxODAwMDAwMDAwMDAwfX0=",
          "dependencies": [
            "azurerm_public_ip.ipaddress",
            "azurerm_resource_group.rg",
            "azurerm_subnet.subnet",
            "azurerm_virtual_network.vnet"
          ]
        }
      ]
    },
    {
      "mode": "managed",
      "type": "azurerm_network_interface_security_group_association",
      "name": "example",
      "each": "list",
      "provider": "provider.azurerm",
      "instances": [
        {
          "index_key": 0,
          "schema_version": 0,
          "attributes": {
            "id": "/subscriptions/67581ecc-3805-4798-b0b6-66dbdd1ac4ce/resourceGroups/terraforminfra/providers/Microsoft.Network/networkInterfaces/terraforminfra0|/subscriptions/67581ecc-3805-4798-b0b6-66dbdd1ac4ce/resourceGroups/terraforminfra/providers/Microsoft.Network/networkSecurityGroups/terraforminfra0",
            "network_interface_id": "/subscriptions/67581ecc-3805-4798-b0b6-66dbdd1ac4ce/resourceGroups/terraforminfra/providers/Microsoft.Network/networkInterfaces/terraforminfra0",
            "network_security_group_id": "/subscriptions/67581ecc-3805-4798-b0b6-66dbdd1ac4ce/resourceGroups/terraforminfra/providers/Microsoft.Network/networkSecurityGroups/terraforminfra0",
            "timeouts": null
          },
          "private": "eyJlMmJmYjczMC1lY2FhLTExZTYtOGY4OC0zNDM2M2JjN2M0YzAiOnsiY3JlYXRlIjoxODAwMDAwMDAwMDAwLCJkZWxldGUiOjE4MDAwMDAwMDAwMDAsInJlYWQiOjMwMDAwMDAwMDAwMCwidXBkYXRlIjoxODAwMDAwMDAwMDAwfX0=",
          "dependencies": [
            "azurerm_network_interface.nic",
            "azurerm_network_security_group.nsg",
            "azurerm_public_ip.ipaddress",
            "azurerm_resource_group.rg",
            "azurerm_subnet.subnet",
            "azurerm_virtual_network.vnet"
          ]
        }
      ]
    },
    {
      "mode": "managed",
      "type": "azurerm_network_security_group",
      "name": "nsg",
      "each": "list",
      "provider": "provider.azurerm",
      "instances": [
        {
          "index_key": 0,
          "schema_version": 0,
          "attributes": {
            "id": "/subscriptions/67581ecc-3805-4798-b0b6-66dbdd1ac4ce/resourceGroups/terraforminfra/providers/Microsoft.Network/networkSecurityGroups/terraforminfra0",
            "location": "northeurope",
            "name": "terraforminfra0",
            "resource_group_name": "terraforminfra",
            "security_rule": [
              {
                "access": "Allow",
                "description": "",
                "destination_address_prefix": "*",
                "destination_address_prefixes": [],
                "destination_application_security_group_ids": [],
                "destination_port_range": "3389",
                "destination_port_ranges": [],
                "direction": "Inbound",
                "name": "RDP",
                "priority": 1001,
                "protocol": "Tcp",
                "source_address_prefix": "*",
                "source_address_prefixes": [],
                "source_application_security_group_ids": [],
                "source_port_range": "*",
                "source_port_ranges": []
              }
            ],
            "tags": {
              "enviroment": "demo"
            },
            "timeouts": null
          },
          "private": "eyJlMmJmYjczMC1lY2FhLTExZTYtOGY4OC0zNDM2M2JjN2M0YzAiOnsiY3JlYXRlIjoxODAwMDAwMDAwMDAwLCJkZWxldGUiOjE4MDAwMDAwMDAwMDAsInJlYWQiOjMwMDAwMDAwMDAwMCwidXBkYXRlIjoxODAwMDAwMDAwMDAwfX0=",
          "dependencies": [
            "azurerm_resource_group.rg"
          ]
        }
      ]
    },
    {
      "mode": "managed",
      "type": "azurerm_public_ip",
      "name": "ipaddress",
      "each": "list",
      "provider": "provider.azurerm",
      "instances": [
        {
          "index_key": 0,
          "schema_version": 0,
          "attributes": {
            "allocation_method": "Dynamic",
            "domain_name_label": null,
            "fqdn": null,
            "id": "/subscriptions/67581ecc-3805-4798-b0b6-66dbdd1ac4ce/resourceGroups/terraforminfra/providers/Microsoft.Network/publicIPAddresses/terraforminfra0",
            "idle_timeout_in_minutes": 4,
            "ip_address": "",
            "ip_version": "IPv4",
            "location": "northeurope",
            "name": "terraforminfra0",
            "public_ip_prefix_id": null,
            "resource_group_name": "terraforminfra",
            "reverse_fqdn": null,
            "sku": "Basic",
            "tags": {
              "enviroment": "demo"
            },
            "timeouts": null,
            "zones": null
          },
          "private": "eyJlMmJmYjczMC1lY2FhLTExZTYtOGY4OC0zNDM2M2JjN2M0YzAiOnsiY3JlYXRlIjoxODAwMDAwMDAwMDAwLCJkZWxldGUiOjE4MDAwMDAwMDAwMDAsInJlYWQiOjMwMDAwMDAwMDAwMCwidXBkYXRlIjoxODAwMDAwMDAwMDAwfX0=",
          "dependencies": [
            "azurerm_resource_group.rg"
          ]
        }
      ]
    },
    {
      "mode": "managed",
      "type": "azurerm_resource_group",
      "name": "rg",
      "provider": "provider.azurerm",
      "instances": [
        {
          "schema_version": 0,
          "attributes": {
            "id": "/subscriptions/67581ecc-3805-4798-b0b6-66dbdd1ac4ce/resourceGroups/terraforminfra",
            "location": "northeurope",
            "name": "terraforminfra",
            "tags": {
              "enviroment": "demo"
            },
            "timeouts": null
          },
          "private": "eyJlMmJmYjczMC1lY2FhLTExZTYtOGY4OC0zNDM2M2JjN2M0YzAiOnsiY3JlYXRlIjo1NDAwMDAwMDAwMDAwLCJkZWxldGUiOjU0MDAwMDAwMDAwMDAsInJlYWQiOjMwMDAwMDAwMDAwMCwidXBkYXRlIjo1NDAwMDAwMDAwMDAwfX0="
        }
      ]
    },
    {
      "mode": "managed",
      "type": "azurerm_storage_account",
      "name": "storageaccount",
      "each": "list",
      "provider": "provider.azurerm",
      "instances": [
        {
          "index_key": 0,
          "schema_version": 2,
          "attributes": {
            "access_tier": "",
            "account_kind": "Storage",
            "account_replication_type": "LRS",
            "account_tier": "Standard",
            "blob_properties": [],
            "custom_domain": [],
            "enable_https_traffic_only": true,
            "id": "/subscriptions/67581ecc-3805-4798-b0b6-66dbdd1ac4ce/resourceGroups/terraforminfra/providers/Microsoft.Storage/storageAccounts/terraforminfra0store",
            "identity": [],
            "is_hns_enabled": false,
            "location": "northeurope",
            "name": "terraforminfra0store",
            "network_rules": [
              {
                "bypass": [
                  "AzureServices"
                ],
                "default_action": "Allow",
                "ip_rules": [],
                "virtual_network_subnet_ids": []
              }
            ],
            "primary_access_key": "TZ0g8j9ZRQdgSg3IJBPFWDBEvkU+sgOkiCyO3fvr1cB0X5gyaQjPCsJ6NsH1GRXZCUHGaJYatr/doTfut3Mmwg==",
            "primary_blob_connection_string": "DefaultEndpointsProtocol=https;BlobEndpoint=https://terraforminfra0store.blob.core.windows.net/;AccountName=terraforminfra0store;AccountKey=TZ0g8j9ZRQdgSg3IJBPFWDBEvkU+sgOkiCyO3fvr1cB0X5gyaQjPCsJ6NsH1GRXZCUHGaJYatr/doTfut3Mmwg==",
            "primary_blob_endpoint": "https://terraforminfra0store.blob.core.windows.net/",
            "primary_blob_host": "terraforminfra0store.blob.core.windows.net",
            "primary_connection_string": "DefaultEndpointsProtocol=https;AccountName=terraforminfra0store;AccountKey=TZ0g8j9ZRQdgSg3IJBPFWDBEvkU+sgOkiCyO3fvr1cB0X5gyaQjPCsJ6NsH1GRXZCUHGaJYatr/doTfut3Mmwg==;EndpointSuffix=core.windows.net",
            "primary_dfs_endpoint": "",
            "primary_dfs_host": "",
            "primary_file_endpoint": "https://terraforminfra0store.file.core.windows.net/",
            "primary_file_host": "terraforminfra0store.file.core.windows.net",
            "primary_location": "northeurope",
            "primary_queue_endpoint": "https://terraforminfra0store.queue.core.windows.net/",
            "primary_queue_host": "terraforminfra0store.queue.core.windows.net",
            "primary_table_endpoint": "https://terraforminfra0store.table.core.windows.net/",
            "primary_table_host": "terraforminfra0store.table.core.windows.net",
            "primary_web_endpoint": "",
            "primary_web_host": "",
            "queue_properties": [
              {
                "cors_rule": [],
                "hour_metrics": [
                  {
                    "enabled": true,
                    "include_apis": true,
                    "retention_policy_days": 7,
                    "version": "1.0"
                  }
                ],
                "logging": [
                  {
                    "delete": false,
                    "read": false,
                    "retention_policy_days": 0,
                    "version": "1.0",
                    "write": false
                  }
                ],
                "minute_metrics": [
                  {
                    "enabled": false,
                    "include_apis": false,
                    "retention_policy_days": 0,
                    "version": "1.0"
                  }
                ]
              }
            ],
            "resource_group_name": "terraforminfra",
            "secondary_access_key": "sMiEDSO7aaaB2tytzha3mPdwu0boLcmLnfCQbJgU0jyhDl9TCV8ONrGtGjdEWvTIRgzk5UfV4q1zbH1tLXUkpw==",
            "secondary_blob_connection_string": "",
            "secondary_blob_endpoint": null,
            "secondary_blob_host": null,
            "secondary_connection_string": "DefaultEndpointsProtocol=https;AccountName=terraforminfra0store;AccountKey=sMiEDSO7aaaB2tytzha3mPdwu0boLcmLnfCQbJgU0jyhDl9TCV8ONrGtGjdEWvTIRgzk5UfV4q1zbH1tLXUkpw==;EndpointSuffix=core.windows.net",
            "secondary_dfs_endpoint": null,
            "secondary_dfs_host": null,
            "secondary_file_endpoint": null,
            "secondary_file_host": null,
            "secondary_location": "",
            "secondary_queue_endpoint": null,
            "secondary_queue_host": null,
            "secondary_table_endpoint": null,
            "secondary_table_host": null,
            "secondary_web_endpoint": null,
            "secondary_web_host": null,
            "static_website": [],
            "tags": {
              "enviroment": "demo"
            },
            "timeouts": null
          },
          "private": "eyJlMmJmYjczMC1lY2FhLTExZTYtOGY4OC0zNDM2M2JjN2M0YzAiOnsiY3JlYXRlIjozNjAwMDAwMDAwMDAwLCJkZWxldGUiOjM2MDAwMDAwMDAwMDAsInJlYWQiOjMwMDAwMDAwMDAwMCwidXBkYXRlIjozNjAwMDAwMDAwMDAwfSwic2NoZW1hX3ZlcnNpb24iOiIyIn0=",
          "dependencies": [
            "azurerm_resource_group.rg"
          ]
        }
      ]
    },
    {
      "mode": "managed",
      "type": "azurerm_subnet",
      "name": "subnet",
      "provider": "provider.azurerm",
      "instances": [
        {
          "schema_version": 0,
          "attributes": {
            "address_prefix": "192.168.1.0/24",
            "delegation": [],
            "enforce_private_link_endpoint_network_policies": false,
            "enforce_private_link_service_network_policies": false,
            "id": "/subscriptions/67581ecc-3805-4798-b0b6-66dbdd1ac4ce/resourceGroups/terraforminfra/providers/Microsoft.Network/virtualNetworks/terraforminfra/subnets/terraforminfra",
            "name": "terraforminfra",
            "resource_group_name": "terraforminfra",
            "service_endpoints": null,
            "timeouts": null,
            "virtual_network_name": "terraforminfra"
          },
          "private": "eyJlMmJmYjczMC1lY2FhLTExZTYtOGY4OC0zNDM2M2JjN2M0YzAiOnsiY3JlYXRlIjoxODAwMDAwMDAwMDAwLCJkZWxldGUiOjE4MDAwMDAwMDAwMDAsInJlYWQiOjMwMDAwMDAwMDAwMCwidXBkYXRlIjoxODAwMDAwMDAwMDAwfX0=",
          "dependencies": [
            "azurerm_resource_group.rg",
            "azurerm_virtual_network.vnet"
          ]
        }
      ]
    },
    {
      "mode": "managed",
      "type": "azurerm_virtual_network",
      "name": "vnet",
      "provider": "provider.azurerm",
      "instances": [
        {
          "schema_version": 0,
          "attributes": {
            "address_space": [
              "192.168.0.0/16"
            ],
            "ddos_protection_plan": [],
            "dns_servers": null,
            "id": "/subscriptions/67581ecc-3805-4798-b0b6-66dbdd1ac4ce/resourceGroups/terraforminfra/providers/Microsoft.Network/virtualNetworks/terraforminfra",
            "location": "northeurope",
            "name": "terraforminfra",
            "resource_group_name": "terraforminfra",
            "subnet": [],
            "tags": {
              "enviroment": "demo"
            },
            "timeouts": null
          },
          "private": "eyJlMmJmYjczMC1lY2FhLTExZTYtOGY4OC0zNDM2M2JjN2M0YzAiOnsiY3JlYXRlIjoxODAwMDAwMDAwMDAwLCJkZWxldGUiOjE4MDAwMDAwMDAwMDAsInJlYWQiOjMwMDAwMDAwMDAwMCwidXBkYXRlIjoxODAwMDAwMDAwMDAwfX0=",
          "dependencies": [
            "azurerm_resource_group.rg"
          ]
        }
      ]
    },
    {
      "mode": "managed",
      "type": "azurerm_windows_virtual_machine",
      "name": "vm",
      "each": "list",
      "provider": "provider.azurerm",
      "instances": [
        {
          "index_key": 0,
          "schema_version": 0,
          "attributes": {
            "additional_capabilities": [],
            "additional_unattend_content": [],
            "admin_password": "Morolong@1993",
            "admin_username": "glen",
            "allow_extension_operations": true,
            "availability_set_id": "",
            "boot_diagnostics": [],
            "computer_name": "srv-0",
            "custom_data": null,
            "dedicated_host_id": "",
            "enable_automatic_updates": true,
            "eviction_policy": "",
            "id": "/subscriptions/67581ecc-3805-4798-b0b6-66dbdd1ac4ce/resourceGroups/terraforminfra/providers/Microsoft.Compute/virtualMachines/srv0",
            "identity": [],
            "license_type": "",
            "location": "northeurope",
            "max_bid_price": -1,
            "name": "srv0",
            "network_interface_ids": [
              "/subscriptions/67581ecc-3805-4798-b0b6-66dbdd1ac4ce/resourceGroups/terraforminfra/providers/Microsoft.Network/networkInterfaces/terraforminfra0"
            ],
            "os_disk": [
              {
                "caching": "ReadWrite",
                "diff_disk_settings": [],
                "disk_encryption_set_id": "",
                "disk_size_gb": 127,
                "name": "terraforminfra-0-os",
                "storage_account_type": "Standard_LRS",
                "write_accelerator_enabled": false
              }
            ],
            "plan": [],
            "priority": "Regular",
            "private_ip_address": "192.168.1.4",
            "private_ip_addresses": [
              "192.168.1.4"
            ],
            "provision_vm_agent": true,
            "proximity_placement_group_id": "",
            "public_ip_address": "104.41.218.123",
            "public_ip_addresses": [
              "104.41.218.123"
            ],
            "resource_group_name": "terraforminfra",
            "secret": [],
            "size": "Standard_B1MS",
            "source_image_id": "",
            "source_image_reference": [
              {
                "offer": "WindowsServer",
                "publisher": "MicrosoftWindowsServer",
                "sku": "2016-Datacenter",
                "version": "latest"
              }
            ],
            "tags": {
              "environment": "demo"
            },
            "timeouts": null,
            "timezone": "",
            "virtual_machine_id": "945a38e1-e11d-457f-b037-0418b5df1f4c",
            "winrm_listener": [],
            "zone": ""
          },
          "private": "eyJlMmJmYjczMC1lY2FhLTExZTYtOGY4OC0zNDM2M2JjN2M0YzAiOnsiY3JlYXRlIjoyNzAwMDAwMDAwMDAwLCJkZWxldGUiOjI3MDAwMDAwMDAwMDAsInJlYWQiOjMwMDAwMDAwMDAwMCwidXBkYXRlIjoyNzAwMDAwMDAwMDAwfX0=",
          "dependencies": [
            "azurerm_network_interface.nic",
            "azurerm_public_ip.ipaddress",
            "azurerm_resource_group.rg",
            "azurerm_subnet.subnet",
            "azurerm_virtual_network.vnet"
          ]
        }
      ]
    }
  ]
}
